
Microsoft Visual Studio Solution File, Format Version 12.00
# Visual Studio 14
VisualStudioVersion = 14.0.24720.0
MinimumVisualStudioVersion = 10.0.40219.1
Project("{FAE04EC0-301F-11D3-BF4B-00C04F79EFBC}") = "CommandsAndAspects", "CommandsAndAspects.csproj", "{9629F5F1-5D3F-40B8-8D80-41A8EC72A127}"
EndProject
Project("{FAE04EC0-301F-11D3-BF4B-00C04F79EFBC}") = "CommandsAndAspects.Tests", "CommandsAndAspects.Tests\CommandsAndAspects.Tests.csproj", "{2A37F3D3-E438-4070-A302-C5FB9750F1BA}"
EndProject
Global
	GlobalSection(SolutionConfigurationPlatforms) = preSolution
		Debug|Any CPU = Debug|Any CPU
		Release|Any CPU = Release|Any CPU
	EndGlobalSection
	GlobalSection(ProjectConfigurationPlatforms) = postSolution
		{9629F5F1-5D3F-40B8-8D80-41A8EC72A127}.Debug|Any CPU.ActiveCfg = Debug|Any CPU
		{9629F5F1-5D3F-40B8-8D80-41A8EC72A127}.Debug|Any CPU.Build.0 = Debug|Any CPU
		{9629F5F1-5D3F-40B8-8D80-41A8EC72A127}.Release|Any CPU.ActiveCfg = Release|Any CPU
		{9629F5F1-5D3F-40B8-8D80-41A8EC72A127}.Release|Any CPU.Build.0 = Release|Any CPU
		{2A37F3D3-E438-4070-A302-C5FB9750F1BA}.Debug|Any CPU.ActiveCfg = Debug|Any CPU
		{2A37F3D3-E438-4070-A302-C5FB9750F1BA}.Debug|Any CPU.Build.0 = Debug|Any CPU
		{2A37F3D3-E438-4070-A302-C5FB9750F1BA}.Release|Any CPU.ActiveCfg = Release|Any CPU
		{2A37F3D3-E438-4070-A302-C5FB9750F1BA}.Release|Any CPU.Build.0 = Release|Any CPU
	EndGlobalSection
	GlobalSection(SolutionProperties) = preSolution
		HideSolutionNode = FALSE
	EndGlobalSection
EndGlobal
